// !$*UTF8*$!
{
	archiveVersion = 1;
	classes = {
	};
	objectVersion = 50;
	objects = {

/* Begin PBXBuildFile section */
		2D971623258A6F9B0038685D /* AppDelegate.swift in Sources */ = {isa = PBXBuildFile; fileRef = 2D971622258A6F9B0038685D /* AppDelegate.swift */; };
		2D971625258A6F9B0038685D /* SceneDelegate.swift in Sources */ = {isa = PBXBuildFile; fileRef = 2D971624258A6F9B0038685D /* SceneDelegate.swift */; };
		2D971627258A6F9B0038685D /* ViewController.swift in Sources */ = {isa = PBXBuildFile; fileRef = 2D971626258A6F9B0038685D /* ViewController.swift */; };
		2D97162A258A6F9B0038685D /* Main.storyboard in Resources */ = {isa = PBXBuildFile; fileRef = 2D971628258A6F9B0038685D /* Main.storyboard */; };
		2D97162D258A6F9B0038685D /* S19_DataModel.xcdatamodeld in Sources */ = {isa = PBXBuildFile; fileRef = 2D97162B258A6F9B0038685D /* S19_DataModel.xcdatamodeld */; };
		2D97162F258A6F9B0038685D /* Assets.xcassets in Resources */ = {isa = PBXBuildFile; fileRef = 2D97162E258A6F9B0038685D /* Assets.xcassets */; };
		2D971632258A6F9B0038685D /* LaunchScreen.storyboard in Resources */ = {isa = PBXBuildFile; fileRef = 2D971630258A6F9B0038685D /* LaunchScreen.storyboard */; };
/* End PBXBuildFile section */

/* Begin PBXFileReference section */
		2D97161F258A6F9B0038685D /* S19-DataModel.app */ = {isa = PBXFileReference; explicitFileType = wrapper.application; includeInIndex = 0; path = "S19-DataModel.app"; sourceTree = BUILT_PRODUCTS_DIR; };
		2D971622258A6F9B0038685D /* AppDelegate.swift */ = {isa = PBXFileReference; lastKnownFileType = sourcecode.swift; path = AppDelegate.swift; sourceTree = "<group>"; };
		2D971624258A6F9B0038685D /* SceneDelegate.swift */ = {isa = PBXFileReference; lastKnownFileType = sourcecode.swift; path = SceneDelegate.swift; sourceTree = "<group>"; };
		2D971626258A6F9B0038685D /* ViewController.swift */ = {isa = PBXFileReference; lastKnownFileType = sourcecode.swift; path = ViewController.swift; sourceTree = "<group>"; };
		2D971629258A6F9B0038685D /* Base */ = {isa = PBXFileReference; lastKnownFileType = file.storyboard; name = Base; path = Base.lproj/Main.storyboard; sourceTree = "<group>"; };
		2D97162C258A6F9B0038685D /* S19_DataModel.xcdatamodel */ = {isa = PBXFileReference; lastKnownFileType = wrapper.xcdatamodel; path = S19_DataModel.xcdatamodel; sourceTree = "<group>"; };
		2D97162E258A6F9B0038685D /* Assets.xcassets */ = {isa = PBXFileReference; lastKnownFileType = folder.assetcatalog; path = Assets.xcassets; sourceTree = "<group>"; };
		2D971631258A6F9B0038685D /* Base */ = {isa = PBXFileReference; lastKnownFileType = file.storyboard; name = Base; path = Base.lproj/LaunchScreen.storyboard; sourceTree = "<group>"; };
		2D971633258A6F9B0038685D /* Info.plist */ = {isa = PBXFileReference; lastKnownFileType = text.plist.xml; path = Info.plist; sourceTree = "<group>"; };
/* End PBXFileReference section */

/* Begin PBXFrameworksBuildPhase section */
		2D97161C258A6F9B0038685D /* Frameworks */ = {
			isa = PBXFrameworksBuildPhase;
			buildActionMask = 2147483647;
			files = (
			);
			runOnlyForDeploymentPostprocessing = 0;
		};
/* End PBXFrameworksBuildPhase section */

/* Begin PBXGroup section */
		2D971616258A6F9B0038685D = {
			isa = PBXGroup;
			children = (
				2D971621258A6F9B0038685D /* S19-DataModel */,
				2D971620258A6F9B0038685D /* Products */,
			);
			sourceTree = "<group>";
		};
		2D971620258A6F9B0038685D /* Products */ = {
			isa = PBXGroup;
			children = (
				2D97161F258A6F9B0038685D /* S19-DataModel.app */,
			);
			name = Products;
			sourceTree = "<group>";
		};
		2D971621258A6F9B0038685D /* S19-DataModel */ = {
			isa = PBXGroup;
			children = (
				2D971622258A6F9B0038685D /* AppDelegate.swift */,
				2D971624258A6F9B0038685D /* SceneDelegate.swift */,
				2D971626258A6F9B0038685D /* ViewController.swift */,
				2D971628258A6F9B0038685D /* Main.storyboard */,
				2D97162E258A6F9B0038685D /* Assets.xcassets */,
				2D971630258A6F9B0038685D /* LaunchScreen.storyboard */,
				2D971633258A6F9B0038685D /* Info.plist */,
				2D97162B258A6F9B0038685D /* S19_DataModel.xcdatamodeld */,
			);
			path = "S19-DataModel";
			sourceTree = "<group>";
		};
/* End PBXGroup section */

/* Begin PBXNativeTarget section */
		2D97161E258A6F9B0038685D /* S19-DataModel */ = {
			isa = PBXNativeTarget;
			buildConfigurationList = 2D971636258A6F9B0038685D /* Build configuration list for PBXNativeTarget "S19-DataModel" */;
			buildPhases = (
				2D97161B258A6F9B0038685D /* Sources */,
				2D97161C258A6F9B0038685D /* Frameworks */,
				2D97161D258A6F9B0038685D /* Resources */,
			);
			buildRules = (
			);
			dependencies = (
			);
			name = "S19-DataModel";
			productName = "S19-DataModel";
			productReference = 2D97161F258A6F9B0038685D /* S19-DataModel.app */;
			productType = "com.apple.product-type.application";
		};
/* End PBXNativeTarget section */

/* Begin PBXProject section */
		2D971617258A6F9B0038685D /* Project object */ = {
			isa = PBXProject;
			attributes = {
				LastSwiftUpdateCheck = 1220;
				LastUpgradeCheck = 1220;
				TargetAttributes = {
					2D97161E258A6F9B0038685D = {
						CreatedOnToolsVersion = 12.2;
					};
				};
			};
			buildConfigurationList = 2D97161A258A6F9B0038685D /* Build configuration list for PBXProject "S19-DataModel" */;
			compatibilityVersion = "Xcode 9.3";
			developmentRegion = en;
			hasScannedForEncodings = 0;
			knownRegions = (
				en,
				Base,
			);
			mainGroup = 2D971616258A6F9B0038685D;
			productRefGroup = 2D971620258A6F9B0038685D /* Products */;
			projectDirPath = "";
			projectRoot = "";
			targets = (
				2D97161E258A6F9B0038685D /* S19-DataModel */,
			);
		};
/* End PBXProject section */

/* Begin PBXResourcesBuildPhase section */
		2D97161D258A6F9B0038685D /* Resources */ = {
			isa = PBXResourcesBuildPhase;
			buildActionMask = 2147483647;
			files = (
				2D971632258A6F9B0038685D /* LaunchScreen.storyboard in Resources */,
				2D97162F258A6F9B0038685D /* Assets.xcassets in Resources */,
				2D97162A258A6F9B0038685D /* Main.storyboard in Resources */,
			);
			runOnlyForDeploymentPostprocessing = 0;
		};
/* End PBXResourcesBuildPhase section */

/* Begin PBXSourcesBuildPhase section */
		2D97161B258A6F9B0038685D /* Sources */ = {
			isa = PBXSourcesBuildPhase;
			buildActionMask = 2147483647;
			files = (
				2D971627258A6F9B0038685D /* ViewController.swift in Sources */,
				2D97162D258A6F9B0038685D /* S19_DataModel.xcdatamodeld in Sources */,
				2D971623258A6F9B0038685D /* AppDelegate.swift in Sources */,
				2D971625258A6F9B0038685D /* SceneDelegate.swift in Sources */,
			);
			runOnlyForDeploymentPostprocessing = 0;
		};
/* End PBXSourcesBuildPhase section */

/* Begin PBXVariantGroup section */
		2D971628258A6F9B0038685D /* Main.storyboard */ = {
			isa = PBXVariantGroup;
			children = (
				2D971629258A6F9B0038685D /* Base */,
			);
			name = Main.storyboard;
			sourceTree = "<group>";
		};
		2D971630258A6F9B0038685D /* LaunchScreen.storyboard */ = {
			isa = PBXVariantGroup;
			children = (
				2D971631258A6F9B0038685D /* Base */,
			);
			name = LaunchScreen.storyboard;
			sourceTree = "<group>";
		};
/* End PBXVariantGroup section */

/* Begin XCBuildConfiguration section */
		2D971634258A6F9B0038685D /* Debug */ = {
			isa = XCBuildConfiguration;
			buildSettings = {
				ALWAYS_SEARCH_USER_PATHS = NO;
				CLANG_ANALYZER_NONNULL = YES;
				CLANG_ANALYZER_NUMBER_OBJECT_CONVERSION = YES_AGGRESSIVE;
				CLANG_CXX_LANGUAGE_STANDARD = "gnu++14";
				CLANG_CXX_LIBRARY = "libc++";
				CLANG_ENABLE_MODULES = YES;
				CLANG_ENABLE_OBJC_ARC = YES;
				CLANG_ENABLE_OBJC_WEAK = YES;
				CLANG_WARN_BLOCK_CAPTURE_AUTORELEASING = YES;
				CLANG_WARN_BOOL_CONVERSION = YES;
				CLANG_WARN_COMMA = YES;
				CLANG_WARN_CONSTANT_CONVERSION = YES;
				CLANG_WARN_DEPRECATED_OBJC_IMPLEMENTATIONS = YES;
				CLANG_WARN_DIRECT_OBJC_ISA_USAGE = YES_ERROR;
				CLANG_WARN_DOCUMENTATION_COMMENTS = YES;
				CLANG_WARN_EMPTY_BODY = YES;
				CLANG_WARN_ENUM_CONVERSION = YES;
				CLANG_WARN_INFINITE_RECURSION = YES;
				CLANG_WARN_INT_CONVERSION = YES;
				CLANG_WARN_NON_LITERAL_NULL_CONVERSION = YES;
				CLANG_WARN_OBJC_IMPLICIT_RETAIN_SELF = YES;
				CLANG_WARN_OBJC_LITERAL_CONVERSION = YES;
				CLANG_WARN_OBJC_ROOT_CLASS = YES_ERROR;
				CLANG_WARN_QUOTED_INCLUDE_IN_FRAMEWORK_HEADER = YES;
				CLANG_WARN_RANGE_LOOP_ANALYSIS = YES;
				CLANG_WARN_STRICT_PROTOTYPES = YES;
				CLANG_WARN_SUSPICIOUS_MOVE = YES;
				CLANG_WARN_UNGUARDED_AVAILABILITY = YES_AGGRESSIVE;
				CLANG_WARN_UNREACHABLE_CODE = YES;
				CLANG_WARN__DUPLICATE_METHOD_MATCH = YES;
				COPY_PHASE_STRIP = NO;
				DEBUG_INFORMATION_FORMAT = dwarf;
				ENABLE_STRICT_OBJC_MSGSEND = YES;
				ENABLE_TESTABILITY = YES;
				GCC_C_LANGUAGE_STANDARD = gnu11;
				GCC_DYNAMIC_NO_PIC = NO;
				GCC_NO_COMMON_BLOCKS = YES;
				GCC_OPTIMIZATION_LEVEL = 0;
				GCC_PREPROCESSOR_DEFINITIONS = (
					"DEBUG=1",
					"$(inherited)",
				);
				GCC_WARN_64_TO_32_BIT_CONVERSION = YES;
				GCC_WARN_ABOUT_RETURN_TYPE = YES_ERROR;
				GCC_WARN_UNDECLARED_SELECTOR = YES;
				GCC_WARN_UNINITIALIZED_AUTOS = YES_AGGRESSIVE;
				GCC_WARN_UNUSED_FUNCTION = YES;
				GCC_WARN_UNUSED_VARIABLE = YES;
				IPHONEOS_DEPLOYMENT_TARGET = 14.2;
				MTL_ENABLE_DEBUG_INFO = INCLUDE_SOURCE;
				MTL_FAST_MATH = YES;
				ONLY_ACTIVE_ARCH = YES;
				SDKROOT = iphoneos;
				SWIFT_ACTIVE_COMPILATION_CONDITIONS = DEBUG;
				SWIFT_OPTIMIZATION_LEVEL = "-Onone";
			};
			name = Debug;
		};
		2D971635258A6F9B0038685D /* Release */ = {
			isa = XCBuildConfiguration;
			buildSettings = {
				ALWAYS_SEARCH_USER_PATHS = NO;
				CLANG_ANALYZER_NONNULL = YES;
				CLANG_ANALYZER_NUMBER_OBJECT_CONVERSION = YES_AGGRESSIVE;
				CLANG_CXX_LANGUAGE_STANDARD = "gnu++14";
				CLANG_CXX_LIBRARY = "libc++";
				CLANG_ENABLE_MODULES = YES;
				CLANG_ENABLE_OBJC_ARC = YES;
				CLANG_ENABLE_OBJC_WEAK = YES;
				CLANG_WARN_BLOCK_CAPTURE_AUTORELEASING = YES;
				CLANG_WARN_BOOL_CONVERSION = YES;
				CLANG_WARN_COMMA = YES;
				CLANG_WARN_CONSTANT_CONVERSION = YES;
				CLANG_WARN_DEPRECATED_OBJC_IMPLEMENTATIONS = YES;
				CLANG_WARN_DIRECT_OBJC_ISA_USAGE = YES_ERROR;
				CLANG_WARN_DOCUMENTATION_COMMENTS = YES;
				CLANG_WARN_EMPTY_BODY = YES;
				CLANG_WARN_ENUM_CONVERSION = YES;
				CLANG_WARN_INFINITE_RECURSION = YES;
				CLANG_WARN_INT_CONVERSION = YES;
				CLANG_WARN_NON_LITERAL_NULL_CONVERSION = YES;
				CLANG_WARN_OBJC_IMPLICIT_RETAIN_SELF = YES;
				CLANG_WARN_OBJC_LITERAL_CONVERSION = YES;
				CLANG_WARN_OBJC_ROOT_CLASS = YES_ERROR;
				CLANG_WARN_QUOTED_INCLUDE_IN_FRAMEWORK_HEADER = YES;
				CLANG_WARN_RANGE_LOOP_ANALYSIS = YES;
				CLANG_WARN_STRICT_PROTOTYPES = YES;
				CLANG_WARN_SUSPICIOUS_MOVE = YES;
				CLANG_WARN_UNGUARDED_AVAILABILITY = YES_AGGRESSIVE;
				CLANG_WARN_UNREACHABLE_CODE = YES;
				CLANG_WARN__DUPLICATE_METHOD_MATCH = YES;
				COPY_PHASE_STRIP = NO;
				DEBUG_INFORMATION_FORMAT = "dwarf-with-dsym";
				ENABLE_NS_ASSERTIONS = NO;
				ENABLE_STRICT_OBJC_MSGSEND = YES;
				GCC_C_LANGUAGE_STANDARD = gnu11;
				GCC_NO_COMMON_BLOCKS = YES;
				GCC_WARN_64_TO_32_BIT_CONVERSION = YES;
				GCC_WARN_ABOUT_RETURN_TYPE = YES_ERROR;
				GCC_WARN_UNDECLARED_SELECTOR = YES;
				GCC_WARN_UNINITIALIZED_AUTOS = YES_AGGRESSIVE;
				GCC_WARN_UNUSED_FUNCTION = YES;
				GCC_WARN_UNUSED_VARIABLE = YES;
				IPHONEOS_DEPLOYMENT_TARGET = 14.2;
				MTL_ENABLE_DEBUG_INFO = NO;
				MTL_FAST_MATH = YES;
				SDKROOT = iphoneos;
				SWIFT_COMPILATION_MODE = wholemodule;
				SWIFT_OPTIMIZATION_LEVEL = "-O";
				VALIDATE_PRODUCT = YES;
			};
			name = Release;
		};
		2D971637258A6F9B0038685D /* Debug */ = {
			isa = XCBuildConfiguration;
			buildSettings = {
				ASSETCATALOG_COMPILER_APPICON_NAME = AppIcon;
				ASSETCATALOG_COMPILER_GLOBAL_ACCENT_COLOR_NAME = AccentColor;
				CODE_SIGN_STYLE = Automatic;
				DEVELOPMENT_TEAM = RY94A34KXM;
				INFOPLIST_FILE = "S19-DataModel/Info.plist";
				LD_RUNPATH_SEARCH_PATHS = (
					"$(inherited)",
					"@executable_path/Frameworks",
				);
				PRODUCT_BUNDLE_IDENTIFIER = "com.ramiincloud.S19-DataModel";
				PRODUCT_NAME = "$(TARGET_NAME)";
				SWIFT_VERSION = 5.0;
				TARGETED_DEVICE_FAMILY = "1,2";
			};
			name = Debug;
		};
		2D971638258A6F9B0038685D /* Release */ = {
			isa = XCBuildConfiguration;
			buildSettings = {
				ASSETCATALOG_COMPILER_APPICON_NAME = AppIcon;
				ASSETCATALOG_COMPILER_GLOBAL_ACCENT_COLOR_NAME = AccentColor;
				CODE_SIGN_STYLE = Automatic;
				DEVELOPMENT_TEAM = RY94A34KXM;
				INFOPLIST_FILE = "S19-DataModel/Info.plist";
				LD_RUNPATH_SEARCH_PATHS = (
					"$(inherited)",
					"@executable_path/Frameworks",
				);
				PRODUCT_BUNDLE_IDENTIFIER = "com.ramiincloud.S19-DataModel";
				PRODUCT_NAME = "$(TARGET_NAME)";
				SWIFT_VERSION = 5.0;
				TARGETED_DEVICE_FAMILY = "1,2";
			};
			name = Release;
		};
/* End XCBuildConfiguration section */

/* Begin XCConfigurationList section */
		2D97161A258A6F9B0038685D /* Build configuration list for PBXProject "S19-DataModel" */ = {
			isa = XCConfigurationList;
			buildConfigurations = (
				2D971634258A6F9B0038685D /* Debug */,
				2D971635258A6F9B0038685D /* Release */,
			);
			defaultConfigurationIsVisible = 0;
			defaultConfigurationName = Release;
		};
		2D971636258A6F9B0038685D /* Build configuration list for PBXNativeTarget "S19-DataModel" */ = {
			isa = XCConfigurationList;
			buildConfigurations = (
				2D971637258A6F9B0038685D /* Debug */,
				2D971638258A6F9B0038685D /* Release */,
			);
			defaultConfigurationIsVisible = 0;
			defaultConfigurationName = Release;
		};
/* End XCConfigurationList section */

/* Begin XCVersionGroup section */
		2D97162B258A6F9B0038685D /* S19_DataModel.xcdatamodeld */ = {
			isa = XCVersionGroup;
			children = (
				2D97162C258A6F9B0038685D /* S19_DataModel.xcdatamodel */,
			);
			currentVersion = 2D97162C258A6F9B0038685D /* S19_DataModel.xcdatamodel */;
			path = S19_DataModel.xcdatamodeld;
			sourceTree = "<group>";
			versionGroupType = wrapper.xcdatamodel;
		};
/* End XCVersionGroup section */
	};
	rootObject = 2D971617258A6F9B0038685D /* Project object */;
}
