// !$*UTF8*$!
{
	archiveVersion = 1;
	classes = {
	};
	objectVersion = 50;
	objects = {

/* Begin PBXBuildFile section */
		2D5AB0232584AC51001338C6 /* WebView.swift in Sources */ = {isa = PBXBuildFile; fileRef = 2D5AB0222584AC51001338C6 /* WebView.swift */; };
		2D6B6D7025828A4000DA3EAF /* NetworkManager.swift in Sources */ = {isa = PBXBuildFile; fileRef = 2D6B6D6F25828A4000DA3EAF /* NetworkManager.swift */; };
		2D6B6D7425828A5A00DA3EAF /* PostData.swift in Sources */ = {isa = PBXBuildFile; fileRef = 2D6B6D7325828A5A00DA3EAF /* PostData.swift */; };
		2D8752DD25849FF50034979A /* DetailView.swift in Sources */ = {isa = PBXBuildFile; fileRef = 2D8752DC25849FF50034979A /* DetailView.swift */; };
		2DCBEC4825826085003481FB /* S17_214_H4X0R_NewsApp.swift in Sources */ = {isa = PBXBuildFile; fileRef = 2DCBEC4725826085003481FB /* S17_214_H4X0R_NewsApp.swift */; };
		2DCBEC4A25826085003481FB /* ContentView.swift in Sources */ = {isa = PBXBuildFile; fileRef = 2DCBEC4925826085003481FB /* ContentView.swift */; };
		2DCBEC4C25826085003481FB /* Assets.xcassets in Resources */ = {isa = PBXBuildFile; fileRef = 2DCBEC4B25826085003481FB /* Assets.xcassets */; };
		2DCBEC4F25826085003481FB /* Preview Assets.xcassets in Resources */ = {isa = PBXBuildFile; fileRef = 2DCBEC4E25826085003481FB /* Preview Assets.xcassets */; };
/* End PBXBuildFile section */

/* Begin PBXFileReference section */
		2D5AB0222584AC51001338C6 /* WebView.swift */ = {isa = PBXFileReference; lastKnownFileType = sourcecode.swift; path = WebView.swift; sourceTree = "<group>"; };
		2D6B6D6F25828A4000DA3EAF /* NetworkManager.swift */ = {isa = PBXFileReference; lastKnownFileType = sourcecode.swift; path = NetworkManager.swift; sourceTree = "<group>"; };
		2D6B6D7325828A5A00DA3EAF /* PostData.swift */ = {isa = PBXFileReference; lastKnownFileType = sourcecode.swift; path = PostData.swift; sourceTree = "<group>"; };
		2D8752DC25849FF50034979A /* DetailView.swift */ = {isa = PBXFileReference; lastKnownFileType = sourcecode.swift; path = DetailView.swift; sourceTree = "<group>"; };
		2DCBEC4425826085003481FB /* S17-214-H4X0R News.app */ = {isa = PBXFileReference; explicitFileType = wrapper.application; includeInIndex = 0; path = "S17-214-H4X0R News.app"; sourceTree = BUILT_PRODUCTS_DIR; };
		2DCBEC4725826085003481FB /* S17_214_H4X0R_NewsApp.swift */ = {isa = PBXFileReference; lastKnownFileType = sourcecode.swift; path = S17_214_H4X0R_NewsApp.swift; sourceTree = "<group>"; };
		2DCBEC4925826085003481FB /* ContentView.swift */ = {isa = PBXFileReference; lastKnownFileType = sourcecode.swift; path = ContentView.swift; sourceTree = "<group>"; };
		2DCBEC4B25826085003481FB /* Assets.xcassets */ = {isa = PBXFileReference; lastKnownFileType = folder.assetcatalog; path = Assets.xcassets; sourceTree = "<group>"; };
		2DCBEC4E25826085003481FB /* Preview Assets.xcassets */ = {isa = PBXFileReference; lastKnownFileType = folder.assetcatalog; path = "Preview Assets.xcassets"; sourceTree = "<group>"; };
		2DCBEC5025826085003481FB /* Info.plist */ = {isa = PBXFileReference; lastKnownFileType = text.plist.xml; path = Info.plist; sourceTree = "<group>"; };
/* End PBXFileReference section */

/* Begin PBXFrameworksBuildPhase section */
		2DCBEC4125826085003481FB /* Frameworks */ = {
			isa = PBXFrameworksBuildPhase;
			buildActionMask = 2147483647;
			files = (
			);
			runOnlyForDeploymentPostprocessing = 0;
		};
/* End PBXFrameworksBuildPhase section */

/* Begin PBXGroup section */
		2D6B6D6E25828A2900DA3EAF /* Models */ = {
			isa = PBXGroup;
			children = (
				2D6B6D6F25828A4000DA3EAF /* NetworkManager.swift */,
				2D6B6D7325828A5A00DA3EAF /* PostData.swift */,
			);
			path = Models;
			sourceTree = "<group>";
		};
		2D8752DB25849FCF0034979A /* Views */ = {
			isa = PBXGroup;
			children = (
				2DCBEC4925826085003481FB /* ContentView.swift */,
				2D8752DC25849FF50034979A /* DetailView.swift */,
				2D5AB0222584AC51001338C6 /* WebView.swift */,
			);
			path = Views;
			sourceTree = "<group>";
		};
		2DCBEC3B25826085003481FB = {
			isa = PBXGroup;
			children = (
				2DCBEC4625826085003481FB /* S17-214-H4X0R News */,
				2DCBEC4525826085003481FB /* Products */,
			);
			sourceTree = "<group>";
		};
		2DCBEC4525826085003481FB /* Products */ = {
			isa = PBXGroup;
			children = (
				2DCBEC4425826085003481FB /* S17-214-H4X0R News.app */,
			);
			name = Products;
			sourceTree = "<group>";
		};
		2DCBEC4625826085003481FB /* S17-214-H4X0R News */ = {
			isa = PBXGroup;
			children = (
				2D6B6D6E25828A2900DA3EAF /* Models */,
				2DCBEC4725826085003481FB /* S17_214_H4X0R_NewsApp.swift */,
				2D8752DB25849FCF0034979A /* Views */,
				2DCBEC4B25826085003481FB /* Assets.xcassets */,
				2DCBEC5025826085003481FB /* Info.plist */,
				2DCBEC4D25826085003481FB /* Preview Content */,
			);
			path = "S17-214-H4X0R News";
			sourceTree = "<group>";
		};
		2DCBEC4D25826085003481FB /* Preview Content */ = {
			isa = PBXGroup;
			children = (
				2DCBEC4E25826085003481FB /* Preview Assets.xcassets */,
			);
			path = "Preview Content";
			sourceTree = "<group>";
		};
/* End PBXGroup section */

/* Begin PBXNativeTarget section */
		2DCBEC4325826085003481FB /* S17-214-H4X0R News */ = {
			isa = PBXNativeTarget;
			buildConfigurationList = 2DCBEC5325826085003481FB /* Build configuration list for PBXNativeTarget "S17-214-H4X0R News" */;
			buildPhases = (
				2DCBEC4025826085003481FB /* Sources */,
				2DCBEC4125826085003481FB /* Frameworks */,
				2DCBEC4225826085003481FB /* Resources */,
			);
			buildRules = (
			);
			dependencies = (
			);
			name = "S17-214-H4X0R News";
			productName = "S17-214-H4X0R News";
			productReference = 2DCBEC4425826085003481FB /* S17-214-H4X0R News.app */;
			productType = "com.apple.product-type.application";
		};
/* End PBXNativeTarget section */

/* Begin PBXProject section */
		2DCBEC3C25826085003481FB /* Project object */ = {
			isa = PBXProject;
			attributes = {
				LastSwiftUpdateCheck = 1220;
				LastUpgradeCheck = 1220;
				TargetAttributes = {
					2DCBEC4325826085003481FB = {
						CreatedOnToolsVersion = 12.2;
					};
				};
			};
			buildConfigurationList = 2DCBEC3F25826085003481FB /* Build configuration list for PBXProject "S17-214-H4X0R News" */;
			compatibilityVersion = "Xcode 9.3";
			developmentRegion = en;
			hasScannedForEncodings = 0;
			knownRegions = (
				en,
				Base,
			);
			mainGroup = 2DCBEC3B25826085003481FB;
			productRefGroup = 2DCBEC4525826085003481FB /* Products */;
			projectDirPath = "";
			projectRoot = "";
			targets = (
				2DCBEC4325826085003481FB /* S17-214-H4X0R News */,
			);
		};
/* End PBXProject section */

/* Begin PBXResourcesBuildPhase section */
		2DCBEC4225826085003481FB /* Resources */ = {
			isa = PBXResourcesBuildPhase;
			buildActionMask = 2147483647;
			files = (
				2DCBEC4F25826085003481FB /* Preview Assets.xcassets in Resources */,
				2DCBEC4C25826085003481FB /* Assets.xcassets in Resources */,
			);
			runOnlyForDeploymentPostprocessing = 0;
		};
/* End PBXResourcesBuildPhase section */

/* Begin PBXSourcesBuildPhase section */
		2DCBEC4025826085003481FB /* Sources */ = {
			isa = PBXSourcesBuildPhase;
			buildActionMask = 2147483647;
			files = (
				2D6B6D7025828A4000DA3EAF /* NetworkManager.swift in Sources */,
				2D5AB0232584AC51001338C6 /* WebView.swift in Sources */,
				2D6B6D7425828A5A00DA3EAF /* PostData.swift in Sources */,
				2DCBEC4A25826085003481FB /* ContentView.swift in Sources */,
				2D8752DD25849FF50034979A /* DetailView.swift in Sources */,
				2DCBEC4825826085003481FB /* S17_214_H4X0R_NewsApp.swift in Sources */,
			);
			runOnlyForDeploymentPostprocessing = 0;
		};
/* End PBXSourcesBuildPhase section */

/* Begin XCBuildConfiguration section */
		2DCBEC5125826085003481FB /* Debug */ = {
			isa = XCBuildConfiguration;
			buildSettings = {
				ALWAYS_SEARCH_USER_PATHS = NO;
				CLANG_ANALYZER_NONNULL = YES;
				CLANG_ANALYZER_NUMBER_OBJECT_CONVERSION = YES_AGGRESSIVE;
				CLANG_CXX_LANGUAGE_STANDARD = "gnu++14";
				CLANG_CXX_LIBRARY = "libc++";
				CLANG_ENABLE_MODULES = YES;
				CLANG_ENABLE_OBJC_ARC = YES;
				CLANG_ENABLE_OBJC_WEAK = YES;
				CLANG_WARN_BLOCK_CAPTURE_AUTORELEASING = YES;
				CLANG_WARN_BOOL_CONVERSION = YES;
				CLANG_WARN_COMMA = YES;
				CLANG_WARN_CONSTANT_CONVERSION = YES;
				CLANG_WARN_DEPRECATED_OBJC_IMPLEMENTATIONS = YES;
				CLANG_WARN_DIRECT_OBJC_ISA_USAGE = YES_ERROR;
				CLANG_WARN_DOCUMENTATION_COMMENTS = YES;
				CLANG_WARN_EMPTY_BODY = YES;
				CLANG_WARN_ENUM_CONVERSION = YES;
				CLANG_WARN_INFINITE_RECURSION = YES;
				CLANG_WARN_INT_CONVERSION = YES;
				CLANG_WARN_NON_LITERAL_NULL_CONVERSION = YES;
				CLANG_WARN_OBJC_IMPLICIT_RETAIN_SELF = YES;
				CLANG_WARN_OBJC_LITERAL_CONVERSION = YES;
				CLANG_WARN_OBJC_ROOT_CLASS = YES_ERROR;
				CLANG_WARN_QUOTED_INCLUDE_IN_FRAMEWORK_HEADER = YES;
				CLANG_WARN_RANGE_LOOP_ANALYSIS = YES;
				CLANG_WARN_STRICT_PROTOTYPES = YES;
				CLANG_WARN_SUSPICIOUS_MOVE = YES;
				CLANG_WARN_UNGUARDED_AVAILABILITY = YES_AGGRESSIVE;
				CLANG_WARN_UNREACHABLE_CODE = YES;
				CLANG_WARN__DUPLICATE_METHOD_MATCH = YES;
				COPY_PHASE_STRIP = NO;
				DEBUG_INFORMATION_FORMAT = dwarf;
				ENABLE_STRICT_OBJC_MSGSEND = YES;
				ENABLE_TESTABILITY = YES;
				GCC_C_LANGUAGE_STANDARD = gnu11;
				GCC_DYNAMIC_NO_PIC = NO;
				GCC_NO_COMMON_BLOCKS = YES;
				GCC_OPTIMIZATION_LEVEL = 0;
				GCC_PREPROCESSOR_DEFINITIONS = (
					"DEBUG=1",
					"$(inherited)",
				);
				GCC_WARN_64_TO_32_BIT_CONVERSION = YES;
				GCC_WARN_ABOUT_RETURN_TYPE = YES_ERROR;
				GCC_WARN_UNDECLARED_SELECTOR = YES;
				GCC_WARN_UNINITIALIZED_AUTOS = YES_AGGRESSIVE;
				GCC_WARN_UNUSED_FUNCTION = YES;
				GCC_WARN_UNUSED_VARIABLE = YES;
				IPHONEOS_DEPLOYMENT_TARGET = 14.2;
				MTL_ENABLE_DEBUG_INFO = INCLUDE_SOURCE;
				MTL_FAST_MATH = YES;
				ONLY_ACTIVE_ARCH = YES;
				SDKROOT = iphoneos;
				SWIFT_ACTIVE_COMPILATION_CONDITIONS = DEBUG;
				SWIFT_OPTIMIZATION_LEVEL = "-Onone";
			};
			name = Debug;
		};
		2DCBEC5225826085003481FB /* Release */ = {
			isa = XCBuildConfiguration;
			buildSettings = {
				ALWAYS_SEARCH_USER_PATHS = NO;
				CLANG_ANALYZER_NONNULL = YES;
				CLANG_ANALYZER_NUMBER_OBJECT_CONVERSION = YES_AGGRESSIVE;
				CLANG_CXX_LANGUAGE_STANDARD = "gnu++14";
				CLANG_CXX_LIBRARY = "libc++";
				CLANG_ENABLE_MODULES = YES;
				CLANG_ENABLE_OBJC_ARC = YES;
				CLANG_ENABLE_OBJC_WEAK = YES;
				CLANG_WARN_BLOCK_CAPTURE_AUTORELEASING = YES;
				CLANG_WARN_BOOL_CONVERSION = YES;
				CLANG_WARN_COMMA = YES;
				CLANG_WARN_CONSTANT_CONVERSION = YES;
				CLANG_WARN_DEPRECATED_OBJC_IMPLEMENTATIONS = YES;
				CLANG_WARN_DIRECT_OBJC_ISA_USAGE = YES_ERROR;
				CLANG_WARN_DOCUMENTATION_COMMENTS = YES;
				CLANG_WARN_EMPTY_BODY = YES;
				CLANG_WARN_ENUM_CONVERSION = YES;
				CLANG_WARN_INFINITE_RECURSION = YES;
				CLANG_WARN_INT_CONVERSION = YES;
				CLANG_WARN_NON_LITERAL_NULL_CONVERSION = YES;
				CLANG_WARN_OBJC_IMPLICIT_RETAIN_SELF = YES;
				CLANG_WARN_OBJC_LITERAL_CONVERSION = YES;
				CLANG_WARN_OBJC_ROOT_CLASS = YES_ERROR;
				CLANG_WARN_QUOTED_INCLUDE_IN_FRAMEWORK_HEADER = YES;
				CLANG_WARN_RANGE_LOOP_ANALYSIS = YES;
				CLANG_WARN_STRICT_PROTOTYPES = YES;
				CLANG_WARN_SUSPICIOUS_MOVE = YES;
				CLANG_WARN_UNGUARDED_AVAILABILITY = YES_AGGRESSIVE;
				CLANG_WARN_UNREACHABLE_CODE = YES;
				CLANG_WARN__DUPLICATE_METHOD_MATCH = YES;
				COPY_PHASE_STRIP = NO;
				DEBUG_INFORMATION_FORMAT = "dwarf-with-dsym";
				ENABLE_NS_ASSERTIONS = NO;
				ENABLE_STRICT_OBJC_MSGSEND = YES;
				GCC_C_LANGUAGE_STANDARD = gnu11;
				GCC_NO_COMMON_BLOCKS = YES;
				GCC_WARN_64_TO_32_BIT_CONVERSION = YES;
				GCC_WARN_ABOUT_RETURN_TYPE = YES_ERROR;
				GCC_WARN_UNDECLARED_SELECTOR = YES;
				GCC_WARN_UNINITIALIZED_AUTOS = YES_AGGRESSIVE;
				GCC_WARN_UNUSED_FUNCTION = YES;
				GCC_WARN_UNUSED_VARIABLE = YES;
				IPHONEOS_DEPLOYMENT_TARGET = 14.2;
				MTL_ENABLE_DEBUG_INFO = NO;
				MTL_FAST_MATH = YES;
				SDKROOT = iphoneos;
				SWIFT_COMPILATION_MODE = wholemodule;
				SWIFT_OPTIMIZATION_LEVEL = "-O";
				VALIDATE_PRODUCT = YES;
			};
			name = Release;
		};
		2DCBEC5425826085003481FB /* Debug */ = {
			isa = XCBuildConfiguration;
			buildSettings = {
				ASSETCATALOG_COMPILER_APPICON_NAME = AppIcon;
				ASSETCATALOG_COMPILER_GLOBAL_ACCENT_COLOR_NAME = AccentColor;
				CODE_SIGN_STYLE = Automatic;
				DEVELOPMENT_ASSET_PATHS = "\"S17-214-H4X0R News/Preview Content\"";
				DEVELOPMENT_TEAM = RY94A34KXM;
				ENABLE_PREVIEWS = YES;
				INFOPLIST_FILE = "S17-214-H4X0R News/Info.plist";
				IPHONEOS_DEPLOYMENT_TARGET = 14.0;
				LD_RUNPATH_SEARCH_PATHS = (
					"$(inherited)",
					"@executable_path/Frameworks",
				);
				PRODUCT_BUNDLE_IDENTIFIER = "com.ramiincloud.S17-214-H4X0R-News";
				PRODUCT_NAME = "$(TARGET_NAME)";
				SWIFT_VERSION = 5.0;
				TARGETED_DEVICE_FAMILY = "1,2";
			};
			name = Debug;
		};
		2DCBEC5525826085003481FB /* Release */ = {
			isa = XCBuildConfiguration;
			buildSettings = {
				ASSETCATALOG_COMPILER_APPICON_NAME = AppIcon;
				ASSETCATALOG_COMPILER_GLOBAL_ACCENT_COLOR_NAME = AccentColor;
				CODE_SIGN_STYLE = Automatic;
				DEVELOPMENT_ASSET_PATHS = "\"S17-214-H4X0R News/Preview Content\"";
				DEVELOPMENT_TEAM = RY94A34KXM;
				ENABLE_PREVIEWS = YES;
				INFOPLIST_FILE = "S17-214-H4X0R News/Info.plist";
				IPHONEOS_DEPLOYMENT_TARGET = 14.0;
				LD_RUNPATH_SEARCH_PATHS = (
					"$(inherited)",
					"@executable_path/Frameworks",
				);
				PRODUCT_BUNDLE_IDENTIFIER = "com.ramiincloud.S17-214-H4X0R-News";
				PRODUCT_NAME = "$(TARGET_NAME)";
				SWIFT_VERSION = 5.0;
				TARGETED_DEVICE_FAMILY = "1,2";
			};
			name = Release;
		};
/* End XCBuildConfiguration section */

/* Begin XCConfigurationList section */
		2DCBEC3F25826085003481FB /* Build configuration list for PBXProject "S17-214-H4X0R News" */ = {
			isa = XCConfigurationList;
			buildConfigurations = (
				2DCBEC5125826085003481FB /* Debug */,
				2DCBEC5225826085003481FB /* Release */,
			);
			defaultConfigurationIsVisible = 0;
			defaultConfigurationName = Release;
		};
		2DCBEC5325826085003481FB /* Build configuration list for PBXNativeTarget "S17-214-H4X0R News" */ = {
			isa = XCConfigurationList;
			buildConfigurations = (
				2DCBEC5425826085003481FB /* Debug */,
				2DCBEC5525826085003481FB /* Release */,
			);
			defaultConfigurationIsVisible = 0;
			defaultConfigurationName = Release;
		};
/* End XCConfigurationList section */
	};
	rootObject = 2DCBEC3C25826085003481FB /* Project object */;
}
